// !$*UTF8*$!
{
	archiveVersion = 1;
	classes = {
	};
	objectVersion = 46;
	objects = {

/* Begin PBXBuildFile section */
		632FBFD01BAB70EB005B6488 /* AGPSpaceObject.m in Sources */ = {isa = PBXBuildFile; fileRef = 632FBFCF1BAB70EB005B6488 /* AGPSpaceObject.m */; settings = {ASSET_TAGS = (); }; };
		633C892C1BAA304100A7CF70 /* AstronomicalData.m in Sources */ = {isa = PBXBuildFile; fileRef = 633C892B1BAA304100A7CF70 /* AstronomicalData.m */; };
		634114991BB1E0670001538A /* SpaceImageViewController.m in Sources */ = {isa = PBXBuildFile; fileRef = 634114981BB1E0670001538A /* SpaceImageViewController.m */; settings = {ASSET_TAGS = (); }; };
		634114C21BB25A290001538A /* SpaceDataViewController.m in Sources */ = {isa = PBXBuildFile; fileRef = 634114C11BB25A290001538A /* SpaceDataViewController.m */; settings = {ASSET_TAGS = (); }; };
		634656891BA7B9EE00BB6206 /* main.m in Sources */ = {isa = PBXBuildFile; fileRef = 634656881BA7B9EE00BB6206 /* main.m */; };
		6346568C1BA7B9EE00BB6206 /* AppDelegate.m in Sources */ = {isa = PBXBuildFile; fileRef = 6346568B1BA7B9EE00BB6206 /* AppDelegate.m */; };
		634656921BA7B9EE00BB6206 /* Main.storyboard in Resources */ = {isa = PBXBuildFile; fileRef = 634656901BA7B9EE00BB6206 /* Main.storyboard */; };
		634656941BA7B9EE00BB6206 /* Assets.xcassets in Resources */ = {isa = PBXBuildFile; fileRef = 634656931BA7B9EE00BB6206 /* Assets.xcassets */; };
		634656971BA7B9EE00BB6206 /* LaunchScreen.storyboard in Resources */ = {isa = PBXBuildFile; fileRef = 634656951BA7B9EE00BB6206 /* LaunchScreen.storyboard */; };
		634656A01BA7BDA100BB6206 /* AGPTableViewController.m in Sources */ = {isa = PBXBuildFile; fileRef = 6346569F1BA7BDA100BB6206 /* AGPTableViewController.m */; };
/* End PBXBuildFile section */

/* Begin PBXFileReference section */
		632FBFCE1BAB70EB005B6488 /* AGPSpaceObject.h */ = {isa = PBXFileReference; fileEncoding = 4; lastKnownFileType = sourcecode.c.h; path = AGPSpaceObject.h; sourceTree = "<group>"; };
		632FBFCF1BAB70EB005B6488 /* AGPSpaceObject.m */ = {isa = PBXFileReference; fileEncoding = 4; lastKnownFileType = sourcecode.c.objc; path = AGPSpaceObject.m; sourceTree = "<group>"; };
		633C892A1BAA304100A7CF70 /* AstronomicalData.h */ = {isa = PBXFileReference; fileEncoding = 4; lastKnownFileType = sourcecode.c.h; path = AstronomicalData.h; sourceTree = "<group>"; };
		633C892B1BAA304100A7CF70 /* AstronomicalData.m */ = {isa = PBXFileReference; fileEncoding = 4; lastKnownFileType = sourcecode.c.objc; path = AstronomicalData.m; sourceTree = "<group>"; };
		634114971BB1E0670001538A /* SpaceImageViewController.h */ = {isa = PBXFileReference; fileEncoding = 4; lastKnownFileType = sourcecode.c.h; path = SpaceImageViewController.h; sourceTree = "<group>"; };
		634114981BB1E0670001538A /* SpaceImageViewController.m */ = {isa = PBXFileReference; fileEncoding = 4; lastKnownFileType = sourcecode.c.objc; path = SpaceImageViewController.m; sourceTree = "<group>"; };
		634114C01BB25A290001538A /* SpaceDataViewController.h */ = {isa = PBXFileReference; fileEncoding = 4; lastKnownFileType = sourcecode.c.h; path = SpaceDataViewController.h; sourceTree = "<group>"; };
		634114C11BB25A290001538A /* SpaceDataViewController.m */ = {isa = PBXFileReference; fileEncoding = 4; lastKnownFileType = sourcecode.c.objc; path = SpaceDataViewController.m; sourceTree = "<group>"; };
		634656841BA7B9EE00BB6206 /* AstronomyGeekPlanet.app */ = {isa = PBXFileReference; explicitFileType = wrapper.application; includeInIndex = 0; path = AstronomyGeekPlanet.app; sourceTree = BUILT_PRODUCTS_DIR; };
		634656881BA7B9EE00BB6206 /* main.m */ = {isa = PBXFileReference; lastKnownFileType = sourcecode.c.objc; path = main.m; sourceTree = "<group>"; };
		6346568A1BA7B9EE00BB6206 /* AppDelegate.h */ = {isa = PBXFileReference; lastKnownFileType = sourcecode.c.h; path = AppDelegate.h; sourceTree = "<group>"; };
		6346568B1BA7B9EE00BB6206 /* AppDelegate.m */ = {isa = PBXFileReference; lastKnownFileType = sourcecode.c.objc; path = AppDelegate.m; sourceTree = "<group>"; };
		634656911BA7B9EE00BB6206 /* Base */ = {isa = PBXFileReference; lastKnownFileType = file.storyboard; name = Base; path = Base.lproj/Main.storyboard; sourceTree = "<group>"; };
		634656931BA7B9EE00BB6206 /* Assets.xcassets */ = {isa = PBXFileReference; lastKnownFileType = folder.assetcatalog; path = Assets.xcassets; sourceTree = "<group>"; };
		634656961BA7B9EE00BB6206 /* Base */ = {isa = PBXFileReference; lastKnownFileType = file.storyboard; name = Base; path = Base.lproj/LaunchScreen.storyboard; sourceTree = "<group>"; };
		634656981BA7B9EE00BB6206 /* Info.plist */ = {isa = PBXFileReference; lastKnownFileType = text.plist.xml; path = Info.plist; sourceTree = "<group>"; };
		6346569E1BA7BDA100BB6206 /* AGPTableViewController.h */ = {isa = PBXFileReference; fileEncoding = 4; lastKnownFileType = sourcecode.c.h; path = AGPTableViewController.h; sourceTree = "<group>"; };
		6346569F1BA7BDA100BB6206 /* AGPTableViewController.m */ = {isa = PBXFileReference; fileEncoding = 4; lastKnownFileType = sourcecode.c.objc; path = AGPTableViewController.m; sourceTree = "<group>"; };
/* End PBXFileReference section */

/* Begin PBXFrameworksBuildPhase section */
		634656811BA7B9EE00BB6206 /* Frameworks */ = {
			isa = PBXFrameworksBuildPhase;
			buildActionMask = 2147483647;
			files = (
			);
			runOnlyForDeploymentPostprocessing = 0;
		};
/* End PBXFrameworksBuildPhase section */

/* Begin PBXGroup section */
		6346567B1BA7B9EE00BB6206 = {
			isa = PBXGroup;
			children = (
				634656861BA7B9EE00BB6206 /* AstronomyGeekPlanet */,
				634656851BA7B9EE00BB6206 /* Products */,
			);
			sourceTree = "<group>";
		};
		634656851BA7B9EE00BB6206 /* Products */ = {
			isa = PBXGroup;
			children = (
				634656841BA7B9EE00BB6206 /* AstronomyGeekPlanet.app */,
			);
			name = Products;
			sourceTree = "<group>";
		};
		634656861BA7B9EE00BB6206 /* AstronomyGeekPlanet */ = {
			isa = PBXGroup;
			children = (
				6346568A1BA7B9EE00BB6206 /* AppDelegate.h */,
				6346568B1BA7B9EE00BB6206 /* AppDelegate.m */,
				634656901BA7B9EE00BB6206 /* Main.storyboard */,
				6346569E1BA7BDA100BB6206 /* AGPTableViewController.h */,
				6346569F1BA7BDA100BB6206 /* AGPTableViewController.m */,
				634114971BB1E0670001538A /* SpaceImageViewController.h */,
				634114981BB1E0670001538A /* SpaceImageViewController.m */,
				634114C01BB25A290001538A /* SpaceDataViewController.h */,
				634114C11BB25A290001538A /* SpaceDataViewController.m */,
				632FBFCE1BAB70EB005B6488 /* AGPSpaceObject.h */,
				632FBFCF1BAB70EB005B6488 /* AGPSpaceObject.m */,
				634656931BA7B9EE00BB6206 /* Assets.xcassets */,
				634656951BA7B9EE00BB6206 /* LaunchScreen.storyboard */,
				634656981BA7B9EE00BB6206 /* Info.plist */,
				634656871BA7B9EE00BB6206 /* Supporting Files */,
			);
			path = AstronomyGeekPlanet;
			sourceTree = "<group>";
		};
		634656871BA7B9EE00BB6206 /* Supporting Files */ = {
			isa = PBXGroup;
			children = (
				633C892A1BAA304100A7CF70 /* AstronomicalData.h */,
				633C892B1BAA304100A7CF70 /* AstronomicalData.m */,
				634656881BA7B9EE00BB6206 /* main.m */,
			);
			name = "Supporting Files";
			sourceTree = "<group>";
		};
/* End PBXGroup section */

/* Begin PBXNativeTarget section */
		634656831BA7B9EE00BB6206 /* AstronomyGeekPlanet */ = {
			isa = PBXNativeTarget;
			buildConfigurationList = 6346569B1BA7B9EE00BB6206 /* Build configuration list for PBXNativeTarget "AstronomyGeekPlanet" */;
			buildPhases = (
				634656801BA7B9EE00BB6206 /* Sources */,
				634656811BA7B9EE00BB6206 /* Frameworks */,
				634656821BA7B9EE00BB6206 /* Resources */,
			);
			buildRules = (
			);
			dependencies = (
			);
			name = AstronomyGeekPlanet;
			productName = AstronomyGeekPlanet;
			productReference = 634656841BA7B9EE00BB6206 /* AstronomyGeekPlanet.app */;
			productType = "com.apple.product-type.application";
		};
/* End PBXNativeTarget section */

/* Begin PBXProject section */
		6346567C1BA7B9EE00BB6206 /* Project object */ = {
			isa = PBXProject;
			attributes = {
				LastUpgradeCheck = 0710;
				ORGANIZATIONNAME = "DigitalEquity, Inc.";
				TargetAttributes = {
					634656831BA7B9EE00BB6206 = {
						CreatedOnToolsVersion = 7.1;
						DevelopmentTeam = YDU3QBJ62N;
					};
				};
			};
			buildConfigurationList = 6346567F1BA7B9EE00BB6206 /* Build configuration list for PBXProject "AstronomyGeekPlanet" */;
			compatibilityVersion = "Xcode 3.2";
			developmentRegion = English;
			hasScannedForEncodings = 0;
			knownRegions = (
				en,
				Base,
			);
			mainGroup = 6346567B1BA7B9EE00BB6206;
			productRefGroup = 634656851BA7B9EE00BB6206 /* Products */;
			projectDirPath = "";
			projectRoot = "";
			targets = (
				634656831BA7B9EE00BB6206 /* AstronomyGeekPlanet */,
			);
		};
/* End PBXProject section */

/* Begin PBXResourcesBuildPhase section */
		634656821BA7B9EE00BB6206 /* Resources */ = {
			isa = PBXResourcesBuildPhase;
			buildActionMask = 2147483647;
			files = (
				634656971BA7B9EE00BB6206 /* LaunchScreen.storyboard in Resources */,
				634656941BA7B9EE00BB6206 /* Assets.xcassets in Resources */,
				634656921BA7B9EE00BB6206 /* Main.storyboard in Resources */,
			);
			runOnlyForDeploymentPostprocessing = 0;
		};
/* End PBXResourcesBuildPhase section */

/* Begin PBXSourcesBuildPhase section */
		634656801BA7B9EE00BB6206 /* Sources */ = {
			isa = PBXSourcesBuildPhase;
			buildActionMask = 2147483647;
			files = (
				632FBFD01BAB70EB005B6488 /* AGPSpaceObject.m in Sources */,
				6346568C1BA7B9EE00BB6206 /* AppDelegate.m in Sources */,
				634656891BA7B9EE00BB6206 /* main.m in Sources */,
				634656A01BA7BDA100BB6206 /* AGPTableViewController.m in Sources */,
				633C892C1BAA304100A7CF70 /* AstronomicalData.m in Sources */,
				634114991BB1E0670001538A /* SpaceImageViewController.m in Sources */,
				634114C21BB25A290001538A /* SpaceDataViewController.m in Sources */,
			);
			runOnlyForDeploymentPostprocessing = 0;
		};
/* End PBXSourcesBuildPhase section */

/* Begin PBXVariantGroup section */
		634656901BA7B9EE00BB6206 /* Main.storyboard */ = {
			isa = PBXVariantGroup;
			children = (
				634656911BA7B9EE00BB6206 /* Base */,
			);
			name = Main.storyboard;
			sourceTree = "<group>";
		};
		634656951BA7B9EE00BB6206 /* LaunchScreen.storyboard */ = {
			isa = PBXVariantGroup;
			children = (
				634656961BA7B9EE00BB6206 /* Base */,
			);
			name = LaunchScreen.storyboard;
			sourceTree = "<group>";
		};
/* End PBXVariantGroup section */

/* Begin XCBuildConfiguration section */
		634656991BA7B9EE00BB6206 /* Debug */ = {
			isa = XCBuildConfiguration;
			buildSettings = {
				ALWAYS_SEARCH_USER_PATHS = NO;
				CLANG_CXX_LANGUAGE_STANDARD = "gnu++0x";
				CLANG_CXX_LIBRARY = "libc++";
				CLANG_ENABLE_MODULES = YES;
				CLANG_ENABLE_OBJC_ARC = YES;
				CLANG_WARN_BOOL_CONVERSION = YES;
				CLANG_WARN_CONSTANT_CONVERSION = YES;
				CLANG_WARN_DIRECT_OBJC_ISA_USAGE = YES_ERROR;
				CLANG_WARN_EMPTY_BODY = YES;
				CLANG_WARN_ENUM_CONVERSION = YES;
				CLANG_WARN_INT_CONVERSION = YES;
				CLANG_WARN_OBJC_ROOT_CLASS = YES_ERROR;
				CLANG_WARN_UNREACHABLE_CODE = YES;
				CLANG_WARN__DUPLICATE_METHOD_MATCH = YES;
				"CODE_SIGN_IDENTITY[sdk=iphoneos*]" = "iPhone Developer";
				COPY_PHASE_STRIP = NO;
				DEBUG_INFORMATION_FORMAT = dwarf;
				ENABLE_STRICT_OBJC_MSGSEND = YES;
				ENABLE_TESTABILITY = YES;
				GCC_C_LANGUAGE_STANDARD = gnu99;
				GCC_DYNAMIC_NO_PIC = NO;
				GCC_NO_COMMON_BLOCKS = YES;
				GCC_OPTIMIZATION_LEVEL = 0;
				GCC_PREPROCESSOR_DEFINITIONS = (
					"DEBUG=1",
					"$(inherited)",
				);
				GCC_WARN_64_TO_32_BIT_CONVERSION = YES;
				GCC_WARN_ABOUT_RETURN_TYPE = YES_ERROR;
				GCC_WARN_UNDECLARED_SELECTOR = YES;
				GCC_WARN_UNINITIALIZED_AUTOS = YES_AGGRESSIVE;
				GCC_WARN_UNUSED_FUNCTION = YES;
				GCC_WARN_UNUSED_VARIABLE = YES;
				IPHONEOS_DEPLOYMENT_TARGET = 9.1;
				MTL_ENABLE_DEBUG_INFO = YES;
				ONLY_ACTIVE_ARCH = YES;
				SDKROOT = iphoneos;
				TARGETED_DEVICE_FAMILY = "1,2";
			};
			name = Debug;
		};
		6346569A1BA7B9EE00BB6206 /* Release */ = {
			isa = XCBuildConfiguration;
			buildSettings = {
				ALWAYS_SEARCH_USER_PATHS = NO;
				CLANG_CXX_LANGUAGE_STANDARD = "gnu++0x";
				CLANG_CXX_LIBRARY = "libc++";
				CLANG_ENABLE_MODULES = YES;
				CLANG_ENABLE_OBJC_ARC = YES;
				CLANG_WARN_BOOL_CONVERSION = YES;
				CLANG_WARN_CONSTANT_CONVERSION = YES;
				CLANG_WARN_DIRECT_OBJC_ISA_USAGE = YES_ERROR;
				CLANG_WARN_EMPTY_BODY = YES;
				CLANG_WARN_ENUM_CONVERSION = YES;
				CLANG_WARN_INT_CONVERSION = YES;
				CLANG_WARN_OBJC_ROOT_CLASS = YES_ERROR;
				CLANG_WARN_UNREACHABLE_CODE = YES;
				CLANG_WARN__DUPLICATE_METHOD_MATCH = YES;
				"CODE_SIGN_IDENTITY[sdk=iphoneos*]" = "iPhone Developer";
				COPY_PHASE_STRIP = NO;
				DEBUG_INFORMATION_FORMAT = "dwarf-with-dsym";
				ENABLE_NS_ASSERTIONS = NO;
				ENABLE_STRICT_OBJC_MSGSEND = YES;
				GCC_C_LANGUAGE_STANDARD = gnu99;
				GCC_NO_COMMON_BLOCKS = YES;
				GCC_WARN_64_TO_32_BIT_CONVERSION = YES;
				GCC_WARN_ABOUT_RETURN_TYPE = YES_ERROR;
				GCC_WARN_UNDECLARED_SELECTOR = YES;
				GCC_WARN_UNINITIALIZED_AUTOS = YES_AGGRESSIVE;
				GCC_WARN_UNUSED_FUNCTION = YES;
				GCC_WARN_UNUSED_VARIABLE = YES;
				IPHONEOS_DEPLOYMENT_TARGET = 9.1;
				MTL_ENABLE_DEBUG_INFO = NO;
				SDKROOT = iphoneos;
				TARGETED_DEVICE_FAMILY = "1,2";
				VALIDATE_PRODUCT = YES;
			};
			name = Release;
		};
		6346569C1BA7B9EE00BB6206 /* Debug */ = {
			isa = XCBuildConfiguration;
			buildSettings = {
				ASSETCATALOG_COMPILER_APPICON_NAME = AppIcon;
				INFOPLIST_FILE = AstronomyGeekPlanet/Info.plist;
				IPHONEOS_DEPLOYMENT_TARGET = 9.0;
				LD_RUNPATH_SEARCH_PATHS = "$(inherited) @executable_path/Frameworks";
				PRODUCT_BUNDLE_IDENTIFIER = com.DigitalEquity.AstronomyGeekPlanet;
				PRODUCT_NAME = "$(TARGET_NAME)";
				TARGETED_DEVICE_FAMILY = "1,2";
			};
			name = Debug;
		};
		6346569D1BA7B9EE00BB6206 /* Release */ = {
			isa = XCBuildConfiguration;
			buildSettings = {
				ASSETCATALOG_COMPILER_APPICON_NAME = AppIcon;
				INFOPLIST_FILE = AstronomyGeekPlanet/Info.plist;
				IPHONEOS_DEPLOYMENT_TARGET = 9.0;
				LD_RUNPATH_SEARCH_PATHS = "$(inherited) @executable_path/Frameworks";
				PRODUCT_BUNDLE_IDENTIFIER = com.DigitalEquity.AstronomyGeekPlanet;
				PRODUCT_NAME = "$(TARGET_NAME)";
				TARGETED_DEVICE_FAMILY = "1,2";
			};
			name = Release;
		};
/* End XCBuildConfiguration section */

/* Begin XCConfigurationList section */
		6346567F1BA7B9EE00BB6206 /* Build configuration list for PBXProject "AstronomyGeekPlanet" */ = {
			isa = XCConfigurationList;
			buildConfigurations = (
				634656991BA7B9EE00BB6206 /* Debug */,
				6346569A1BA7B9EE00BB6206 /* Release */,
			);
			defaultConfigurationIsVisible = 0;
			defaultConfigurationName = Release;
		};
		6346569B1BA7B9EE00BB6206 /* Build configuration list for PBXNativeTarget "AstronomyGeekPlanet" */ = {
			isa = XCConfigurationList;
			buildConfigurations = (
				6346569C1BA7B9EE00BB6206 /* Debug */,
				6346569D1BA7B9EE00BB6206 /* Release */,
			);
			defaultConfigurationIsVisible = 0;
			defaultConfigurationName = Release;
		};
/* End XCConfigurationList section */
	};
	rootObject = 6346567C1BA7B9EE00BB6206 /* Project object */;
}
